
Microsoft Visual Studio Solution File, Format Version 12.00
# Visual Studio Version 16
VisualStudioVersion = 16.0.29025.244
MinimumVisualStudioVersion = 10.0.40219.1
Project("{9A19103F-16F7-4668-BE54-9A1E7A4F7556}") = "VeeamTest", "VeeamTest\VeeamTest.csproj", "{5C38EBF4-B3F8-47F4-8189-EEC403979AE7}"
EndProject
Project("{FAE04EC0-301F-11D3-BF4B-00C04F79EFBC}") = "VeeamTest.Tests", "VeeamTest.Tests\VeeamTest.Tests.csproj", "{AB524BA7-76D1-4AFF-BB1D-8CBEFE97BA69}"
EndProject
Global
	GlobalSection(SolutionConfigurationPlatforms) = preSolution
		Debug|Any CPU = Debug|Any CPU
		Release|Any CPU = Release|Any CPU
	EndGlobalSection
	GlobalSection(ProjectConfigurationPlatforms) = postSolution
		{5C38EBF4-B3F8-47F4-8189-EEC403979AE7}.Debug|Any CPU.ActiveCfg = Debug|Any CPU
		{5C38EBF4-B3F8-47F4-8189-EEC403979AE7}.Debug|Any CPU.Build.0 = Debug|Any CPU
		{5C38EBF4-B3F8-47F4-8189-EEC403979AE7}.Release|Any CPU.ActiveCfg = Release|Any CPU
		{5C38EBF4-B3F8-47F4-8189-EEC403979AE7}.Release|Any CPU.Build.0 = Release|Any CPU
		{AB524BA7-76D1-4AFF-BB1D-8CBEFE97BA69}.Debug|Any CPU.ActiveCfg = Debug|Any CPU
		{AB524BA7-76D1-4AFF-BB1D-8CBEFE97BA69}.Debug|Any CPU.Build.0 = Debug|Any CPU
		{AB524BA7-76D1-4AFF-BB1D-8CBEFE97BA69}.Release|Any CPU.ActiveCfg = Release|Any CPU
		{AB524BA7-76D1-4AFF-BB1D-8CBEFE97BA69}.Release|Any CPU.Build.0 = Release|Any CPU
	EndGlobalSection
	GlobalSection(SolutionProperties) = preSolution
		HideSolutionNode = FALSE
	EndGlobalSection
	GlobalSection(ExtensibilityGlobals) = postSolution
		SolutionGuid = {B20A9E79-688A-4DE1-94B2-48911BFC1CDD}
	EndGlobalSection
EndGlobal
